
Microsoft Visual Studio Solution File, Format Version 12.00
# Visual Studio Version 17
VisualStudioVersion = 17.0.32112.339
MinimumVisualStudioVersion = 10.0.40219.1
Project("{FAE04EC0-301F-11D3-BF4B-00C04F79EFBC}") = "Sodas", "Sodas\Sodas.csproj", "{EBB926B1-1ACE-4204-AE24-82D7204462B0}"
EndProject
Project("{FAE04EC0-301F-11D3-BF4B-00C04F79EFBC}") = "Butai", "Butai\Butai.csproj", "{3E8C4328-BCE4-4203-ACE9-EBFF4834BC32}"
EndProject
Project("{FAE04EC0-301F-11D3-BF4B-00C04F79EFBC}") = "Fakultetas", "Fakultetas\Fakultetas.csproj", "{9E14A131-0665-45A1-8113-D23E2455BD2F}"
EndProject
Project("{FAE04EC0-301F-11D3-BF4B-00C04F79EFBC}") = "Fakultetas_2", "Fakultetas_2\Fakultetas_2.csproj", "{E4273F39-BB86-474C-838A-F5EA933571A4}"
EndProject
Project("{FAE04EC0-301F-11D3-BF4B-00C04F79EFBC}") = "Šulinių_užterštumas", "Šulinių_užterštumas\Šulinių_užterštumas.csproj", "{2E0823D2-EDE6-443E-B04D-310813ED3883}"
EndProject
Global
	GlobalSection(SolutionConfigurationPlatforms) = preSolution
		Debug|Any CPU = Debug|Any CPU
		Release|Any CPU = Release|Any CPU
	EndGlobalSection
	GlobalSection(ProjectConfigurationPlatforms) = postSolution
		{EBB926B1-1ACE-4204-AE24-82D7204462B0}.Debug|Any CPU.ActiveCfg = Debug|Any CPU
		{EBB926B1-1ACE-4204-AE24-82D7204462B0}.Debug|Any CPU.Build.0 = Debug|Any CPU
		{EBB926B1-1ACE-4204-AE24-82D7204462B0}.Release|Any CPU.ActiveCfg = Release|Any CPU
		{EBB926B1-1ACE-4204-AE24-82D7204462B0}.Release|Any CPU.Build.0 = Release|Any CPU
		{3E8C4328-BCE4-4203-ACE9-EBFF4834BC32}.Debug|Any CPU.ActiveCfg = Debug|Any CPU
		{3E8C4328-BCE4-4203-ACE9-EBFF4834BC32}.Debug|Any CPU.Build.0 = Debug|Any CPU
		{3E8C4328-BCE4-4203-ACE9-EBFF4834BC32}.Release|Any CPU.ActiveCfg = Release|Any CPU
		{3E8C4328-BCE4-4203-ACE9-EBFF4834BC32}.Release|Any CPU.Build.0 = Release|Any CPU
		{9E14A131-0665-45A1-8113-D23E2455BD2F}.Debug|Any CPU.ActiveCfg = Debug|Any CPU
		{9E14A131-0665-45A1-8113-D23E2455BD2F}.Debug|Any CPU.Build.0 = Debug|Any CPU
		{9E14A131-0665-45A1-8113-D23E2455BD2F}.Release|Any CPU.ActiveCfg = Release|Any CPU
		{9E14A131-0665-45A1-8113-D23E2455BD2F}.Release|Any CPU.Build.0 = Release|Any CPU
		{E4273F39-BB86-474C-838A-F5EA933571A4}.Debug|Any CPU.ActiveCfg = Debug|Any CPU
		{E4273F39-BB86-474C-838A-F5EA933571A4}.Debug|Any CPU.Build.0 = Debug|Any CPU
		{E4273F39-BB86-474C-838A-F5EA933571A4}.Release|Any CPU.ActiveCfg = Release|Any CPU
		{E4273F39-BB86-474C-838A-F5EA933571A4}.Release|Any CPU.Build.0 = Release|Any CPU
		{2E0823D2-EDE6-443E-B04D-310813ED3883}.Debug|Any CPU.ActiveCfg = Debug|Any CPU
		{2E0823D2-EDE6-443E-B04D-310813ED3883}.Debug|Any CPU.Build.0 = Debug|Any CPU
		{2E0823D2-EDE6-443E-B04D-310813ED3883}.Release|Any CPU.ActiveCfg = Release|Any CPU
		{2E0823D2-EDE6-443E-B04D-310813ED3883}.Release|Any CPU.Build.0 = Release|Any CPU
	EndGlobalSection
	GlobalSection(SolutionProperties) = preSolution
		HideSolutionNode = FALSE
	EndGlobalSection
	GlobalSection(ExtensibilityGlobals) = postSolution
		SolutionGuid = {92FC7F67-B511-409D-91C9-57BD1F6FEF7D}
	EndGlobalSection
EndGlobal
