
Microsoft Visual Studio Solution File, Format Version 12.00
# Visual Studio Version 17
VisualStudioVersion = 17.0.32112.339
MinimumVisualStudioVersion = 10.0.40219.1
Project("{FAE04EC0-301F-11D3-BF4B-00C04F79EFBC}") = "Lab1.Exercises.Register", "Lab1.Exercises.Register\Lab1.Exercises.Register.csproj", "{0F5D4BB7-305D-42F9-9B01-A2CD0F4DA906}"
EndProject
Project("{FAE04EC0-301F-11D3-BF4B-00C04F79EFBC}") = "Tourists", "Turistai\Tourists.csproj", "{FD8CE94E-01C5-438F-A52A-C43DBCE6ED49}"
EndProject
Project("{FAE04EC0-301F-11D3-BF4B-00C04F79EFBC}") = "Muziejai", "Muziejai\Muziejai.csproj", "{025C61CB-FA1D-4EF1-85BB-19BDAEEC7D0F}"
EndProject
Project("{FAE04EC0-301F-11D3-BF4B-00C04F79EFBC}") = "IMDB", "IMDB\IMDB.csproj", "{39201F87-8D1B-4C1B-B6B3-1D59D29B4312}"
EndProject
Global
	GlobalSection(SolutionConfigurationPlatforms) = preSolution
		Debug|Any CPU = Debug|Any CPU
		Release|Any CPU = Release|Any CPU
	EndGlobalSection
	GlobalSection(ProjectConfigurationPlatforms) = postSolution
		{0F5D4BB7-305D-42F9-9B01-A2CD0F4DA906}.Debug|Any CPU.ActiveCfg = Debug|Any CPU
		{0F5D4BB7-305D-42F9-9B01-A2CD0F4DA906}.Debug|Any CPU.Build.0 = Debug|Any CPU
		{0F5D4BB7-305D-42F9-9B01-A2CD0F4DA906}.Release|Any CPU.ActiveCfg = Release|Any CPU
		{0F5D4BB7-305D-42F9-9B01-A2CD0F4DA906}.Release|Any CPU.Build.0 = Release|Any CPU
		{FD8CE94E-01C5-438F-A52A-C43DBCE6ED49}.Debug|Any CPU.ActiveCfg = Debug|Any CPU
		{FD8CE94E-01C5-438F-A52A-C43DBCE6ED49}.Debug|Any CPU.Build.0 = Debug|Any CPU
		{FD8CE94E-01C5-438F-A52A-C43DBCE6ED49}.Release|Any CPU.ActiveCfg = Release|Any CPU
		{FD8CE94E-01C5-438F-A52A-C43DBCE6ED49}.Release|Any CPU.Build.0 = Release|Any CPU
		{025C61CB-FA1D-4EF1-85BB-19BDAEEC7D0F}.Debug|Any CPU.ActiveCfg = Debug|Any CPU
		{025C61CB-FA1D-4EF1-85BB-19BDAEEC7D0F}.Debug|Any CPU.Build.0 = Debug|Any CPU
		{025C61CB-FA1D-4EF1-85BB-19BDAEEC7D0F}.Release|Any CPU.ActiveCfg = Release|Any CPU
		{025C61CB-FA1D-4EF1-85BB-19BDAEEC7D0F}.Release|Any CPU.Build.0 = Release|Any CPU
		{39201F87-8D1B-4C1B-B6B3-1D59D29B4312}.Debug|Any CPU.ActiveCfg = Debug|Any CPU
		{39201F87-8D1B-4C1B-B6B3-1D59D29B4312}.Debug|Any CPU.Build.0 = Debug|Any CPU
		{39201F87-8D1B-4C1B-B6B3-1D59D29B4312}.Release|Any CPU.ActiveCfg = Release|Any CPU
		{39201F87-8D1B-4C1B-B6B3-1D59D29B4312}.Release|Any CPU.Build.0 = Release|Any CPU
	EndGlobalSection
	GlobalSection(SolutionProperties) = preSolution
		HideSolutionNode = FALSE
	EndGlobalSection
	GlobalSection(ExtensibilityGlobals) = postSolution
		SolutionGuid = {BFDC446E-E837-4C4F-9303-F8F88261FB59}
	EndGlobalSection
EndGlobal
