
Microsoft Visual Studio Solution File, Format Version 12.00
# Visual Studio Version 17
VisualStudioVersion = 17.0.32112.339
MinimumVisualStudioVersion = 10.0.40219.1
Project("{FAE04EC0-301F-11D3-BF4B-00C04F79EFBC}") = "plyta", "plyta\plyta.csproj", "{8D80BB5E-A752-4F28-9E6D-47C1795698E8}"
EndProject
Project("{FAE04EC0-301F-11D3-BF4B-00C04F79EFBC}") = "Plytos_ivestis", "Plytos_ivestis\Plytos_ivestis.csproj", "{D5DFB363-5C87-403B-8F61-529C5B0680A9}"
EndProject
Global
	GlobalSection(SolutionConfigurationPlatforms) = preSolution
		Debug|Any CPU = Debug|Any CPU
		Release|Any CPU = Release|Any CPU
	EndGlobalSection
	GlobalSection(ProjectConfigurationPlatforms) = postSolution
		{8D80BB5E-A752-4F28-9E6D-47C1795698E8}.Debug|Any CPU.ActiveCfg = Debug|Any CPU
		{8D80BB5E-A752-4F28-9E6D-47C1795698E8}.Debug|Any CPU.Build.0 = Debug|Any CPU
		{8D80BB5E-A752-4F28-9E6D-47C1795698E8}.Release|Any CPU.ActiveCfg = Release|Any CPU
		{8D80BB5E-A752-4F28-9E6D-47C1795698E8}.Release|Any CPU.Build.0 = Release|Any CPU
		{D5DFB363-5C87-403B-8F61-529C5B0680A9}.Debug|Any CPU.ActiveCfg = Debug|Any CPU
		{D5DFB363-5C87-403B-8F61-529C5B0680A9}.Debug|Any CPU.Build.0 = Debug|Any CPU
		{D5DFB363-5C87-403B-8F61-529C5B0680A9}.Release|Any CPU.ActiveCfg = Release|Any CPU
		{D5DFB363-5C87-403B-8F61-529C5B0680A9}.Release|Any CPU.Build.0 = Release|Any CPU
	EndGlobalSection
	GlobalSection(SolutionProperties) = preSolution
		HideSolutionNode = FALSE
	EndGlobalSection
	GlobalSection(ExtensibilityGlobals) = postSolution
		SolutionGuid = {BE302A95-721F-4317-8583-3BD4B9413B15}
	EndGlobalSection
EndGlobal
